
Microsoft Visual Studio Solution File, Format Version 12.00
# Visual Studio 2013
VisualStudioVersion = 12.0.31101.0
MinimumVisualStudioVersion = 10.0.40219.1
Project("{F2A71F9B-5D33-465A-A702-920D77279786}") = "FsUnit.NUnit", "src\FsUnit.NUnit\FsUnit.NUnit.fsproj", "{3890DC0F-5225-4ADF-9B9E-F6A482046A9E}"
EndProject
Project("{F2A71F9B-5D33-465A-A702-920D77279786}") = "FsUnit.NUnit.Test", "tests\FsUnit.NUnit.Test\FsUnit.NUnit.Test.fsproj", "{025096F3-20FB-40F2-8CAA-34EFDA450E87}"
EndProject
Project("{F2A71F9B-5D33-465A-A702-920D77279786}") = "FsUnit.MbUnit.Test", "tests\FsUnit.MbUnit.Test\FsUnit.MbUnit.Test.fsproj", "{E224780C-6652-4F1F-9987-493E48989E6F}"
EndProject
Project("{F2A71F9B-5D33-465A-A702-920D77279786}") = "FsUnit.MbUnit", "src\FsUnit.MbUnit\FsUnit.MbUnit.fsproj", "{600090EF-5C83-4E0C-B341-F2C909FE45D7}"
EndProject
Project("{F2A71F9B-5D33-465A-A702-920D77279786}") = "FsUnit.Xunit", "src\FsUnit.Xunit\FsUnit.Xunit.fsproj", "{F2CC41FD-6B5A-487B-A2C8-F301ADD68D22}"
EndProject
Project("{F2A71F9B-5D33-465A-A702-920D77279786}") = "FsUnit.Xunit.Test", "tests\FsUnit.Xunit.Test\FsUnit.Xunit.Test.fsproj", "{E224780C-6652-4F1F-9987-493E12389E6F}"
EndProject
Project("{F2A71F9B-5D33-465A-A702-920D77279786}") = "FsUnit.CustomMatchers", "src\FsUnit.CustomMatchers\FsUnit.CustomMatchers.fsproj", "{3C6A91DC-A865-497B-A304-3E9AA3E119CB}"
EndProject
Project("{F2A71F9B-5D33-465A-A702-920D77279786}") = "FsUnit.MsTestUnit", "src\FsUnit.MsTestUnit\FsUnit.MsTestUnit.fsproj", "{E9D287A5-74A5-4B0E-B200-7E6777E7AF79}"
EndProject
Project("{F2A71F9B-5D33-465A-A702-920D77279786}") = "Fs30Unit.MsTest.Test", "tests\FsUnit.MsTest.Test\Fs30Unit.MsTest.Test.fsproj", "{EEDD7886-D39F-4F4C-AD9A-13D98510A164}"
EndProject
Project("{2150E333-8FDC-42A3-9474-1A3956D46DE8}") = ".nuget", ".nuget", "{73E2AD39-4D80-4A04-BD53-F0BD39FD8054}"
	ProjectSection(SolutionItems) = preProject
		.nuget\packages.config = .nuget\packages.config
	EndProjectSection
EndProject
Global
	GlobalSection(SolutionConfigurationPlatforms) = preSolution
		Debug|Any CPU = Debug|Any CPU
		Release|Any CPU = Release|Any CPU
	EndGlobalSection
	GlobalSection(ProjectConfigurationPlatforms) = postSolution
		{3890DC0F-5225-4ADF-9B9E-F6A482046A9E}.Debug|Any CPU.ActiveCfg = Debug|Any CPU
		{3890DC0F-5225-4ADF-9B9E-F6A482046A9E}.Debug|Any CPU.Build.0 = Debug|Any CPU
		{3890DC0F-5225-4ADF-9B9E-F6A482046A9E}.Release|Any CPU.ActiveCfg = Release|Any CPU
		{3890DC0F-5225-4ADF-9B9E-F6A482046A9E}.Release|Any CPU.Build.0 = Release|Any CPU
		{025096F3-20FB-40F2-8CAA-34EFDA450E87}.Debug|Any CPU.ActiveCfg = Debug|Any CPU
		{025096F3-20FB-40F2-8CAA-34EFDA450E87}.Debug|Any CPU.Build.0 = Debug|Any CPU
		{025096F3-20FB-40F2-8CAA-34EFDA450E87}.Release|Any CPU.ActiveCfg = Release|Any CPU
		{025096F3-20FB-40F2-8CAA-34EFDA450E87}.Release|Any CPU.Build.0 = Release|Any CPU
		{E224780C-6652-4F1F-9987-493E48989E6F}.Debug|Any CPU.ActiveCfg = Debug|Any CPU
		{E224780C-6652-4F1F-9987-493E48989E6F}.Debug|Any CPU.Build.0 = Debug|Any CPU
		{E224780C-6652-4F1F-9987-493E48989E6F}.Release|Any CPU.ActiveCfg = Release|Any CPU
		{E224780C-6652-4F1F-9987-493E48989E6F}.Release|Any CPU.Build.0 = Release|Any CPU
		{600090EF-5C83-4E0C-B341-F2C909FE45D7}.Debug|Any CPU.ActiveCfg = Debug|Any CPU
		{600090EF-5C83-4E0C-B341-F2C909FE45D7}.Debug|Any CPU.Build.0 = Debug|Any CPU
		{600090EF-5C83-4E0C-B341-F2C909FE45D7}.Release|Any CPU.ActiveCfg = Release|Any CPU
		{600090EF-5C83-4E0C-B341-F2C909FE45D7}.Release|Any CPU.Build.0 = Release|Any CPU
		{F2CC41FD-6B5A-487B-A2C8-F301ADD68D22}.Debug|Any CPU.ActiveCfg = Debug|Any CPU
		{F2CC41FD-6B5A-487B-A2C8-F301ADD68D22}.Debug|Any CPU.Build.0 = Debug|Any CPU
		{F2CC41FD-6B5A-487B-A2C8-F301ADD68D22}.Release|Any CPU.ActiveCfg = Release|Any CPU
		{F2CC41FD-6B5A-487B-A2C8-F301ADD68D22}.Release|Any CPU.Build.0 = Release|Any CPU
		{E224780C-6652-4F1F-9987-493E12389E6F}.Debug|Any CPU.ActiveCfg = Debug|Any CPU
		{E224780C-6652-4F1F-9987-493E12389E6F}.Debug|Any CPU.Build.0 = Debug|Any CPU
		{E224780C-6652-4F1F-9987-493E12389E6F}.Release|Any CPU.ActiveCfg = Release|Any CPU
		{E224780C-6652-4F1F-9987-493E12389E6F}.Release|Any CPU.Build.0 = Release|Any CPU
		{3C6A91DC-A865-497B-A304-3E9AA3E119CB}.Debug|Any CPU.ActiveCfg = Debug|Any CPU
		{3C6A91DC-A865-497B-A304-3E9AA3E119CB}.Debug|Any CPU.Build.0 = Debug|Any CPU
		{3C6A91DC-A865-497B-A304-3E9AA3E119CB}.Release|Any CPU.ActiveCfg = Release|Any CPU
		{3C6A91DC-A865-497B-A304-3E9AA3E119CB}.Release|Any CPU.Build.0 = Release|Any CPU
		{E9D287A5-74A5-4B0E-B200-7E6777E7AF79}.Debug|Any CPU.ActiveCfg = Debug|Any CPU
		{E9D287A5-74A5-4B0E-B200-7E6777E7AF79}.Debug|Any CPU.Build.0 = Debug|Any CPU
		{E9D287A5-74A5-4B0E-B200-7E6777E7AF79}.Release|Any CPU.ActiveCfg = Release|Any CPU
		{E9D287A5-74A5-4B0E-B200-7E6777E7AF79}.Release|Any CPU.Build.0 = Release|Any CPU
		{EEDD7886-D39F-4F4C-AD9A-13D98510A164}.Debug|Any CPU.ActiveCfg = Debug|Any CPU
		{EEDD7886-D39F-4F4C-AD9A-13D98510A164}.Debug|Any CPU.Build.0 = Debug|Any CPU
		{EEDD7886-D39F-4F4C-AD9A-13D98510A164}.Release|Any CPU.ActiveCfg = Release|Any CPU
		{EEDD7886-D39F-4F4C-AD9A-13D98510A164}.Release|Any CPU.Build.0 = Release|Any CPU
	EndGlobalSection
	GlobalSection(SolutionProperties) = preSolution
		HideSolutionNode = FALSE
	EndGlobalSection
EndGlobal
