
Microsoft Visual Studio Solution File, Format Version 11.00
# Visual Studio 2010
Project("{F2A71F9B-5D33-465A-A702-920D77279786}") = "FsUnit.NUnit", "FsUnit.NUnit\FsUnit.NUnit.fsproj", "{3890DC0F-5225-4ADF-9B9E-F6A482046A9E}"
EndProject
Project("{F2A71F9B-5D33-465A-A702-920D77279786}") = "FsUnit.NUnit.Test", "FsUnit.NUnit.Test\FsUnit.NUnit.Test.fsproj", "{025096F3-20FB-40F2-8CAA-34EFDA450E87}"
EndProject
Project("{F2A71F9B-5D33-465A-A702-920D77279786}") = "FsUnit.MbUnit.Test", "FsUnit.MbUnit.Test\FsUnit.MbUnit.Test.fsproj", "{E224780C-6652-4F1F-9987-493E48989E6F}"
EndProject
Project("{F2A71F9B-5D33-465A-A702-920D77279786}") = "FsUnit.MbUnit", "FsUnit.MbUnit\FsUnit.MbUnit.fsproj", "{600090EF-5C83-4E0C-B341-F2C909FE45D7}"
EndProject
Project("{F2A71F9B-5D33-465A-A702-920D77279786}") = "FsUnit.Xunit", "FsUnit.Xunit\FsUnit.Xunit.fsproj", "{F2CC41FD-6B5A-487B-A2C8-F301ADD68D22}"
EndProject
Project("{F2A71F9B-5D33-465A-A702-920D77279786}") = "FsUnit.Xunit.Test", "FsUnit.Xunit.Test\FsUnit.Xunit.Test.fsproj", "{E224780C-6652-4F1F-9987-493E12389E6F}"
EndProject
Project("{F2A71F9B-5D33-465A-A702-920D77279786}") = "FsUnit.CustomMatchers", "FsUnit.CustomMatchers\FsUnit.CustomMatchers.fsproj", "{3C6A91DC-A865-497B-A304-3E9AA3E119CB}"
EndProject
Global
	GlobalSection(SolutionConfigurationPlatforms) = preSolution
		Debug|Any CPU = Debug|Any CPU
		Release|Any CPU = Release|Any CPU
	EndGlobalSection
	GlobalSection(ProjectConfigurationPlatforms) = postSolution
		{3890DC0F-5225-4ADF-9B9E-F6A482046A9E}.Debug|Any CPU.ActiveCfg = Debug|Any CPU
		{3890DC0F-5225-4ADF-9B9E-F6A482046A9E}.Debug|Any CPU.Build.0 = Debug|Any CPU
		{3890DC0F-5225-4ADF-9B9E-F6A482046A9E}.Release|Any CPU.ActiveCfg = Release|Any CPU
		{3890DC0F-5225-4ADF-9B9E-F6A482046A9E}.Release|Any CPU.Build.0 = Release|Any CPU
		{025096F3-20FB-40F2-8CAA-34EFDA450E87}.Debug|Any CPU.ActiveCfg = Debug|Any CPU
		{025096F3-20FB-40F2-8CAA-34EFDA450E87}.Debug|Any CPU.Build.0 = Debug|Any CPU
		{025096F3-20FB-40F2-8CAA-34EFDA450E87}.Release|Any CPU.ActiveCfg = Release|Any CPU
		{025096F3-20FB-40F2-8CAA-34EFDA450E87}.Release|Any CPU.Build.0 = Release|Any CPU
		{E224780C-6652-4F1F-9987-493E48989E6F}.Debug|Any CPU.ActiveCfg = Debug|Any CPU
		{E224780C-6652-4F1F-9987-493E48989E6F}.Debug|Any CPU.Build.0 = Debug|Any CPU
		{E224780C-6652-4F1F-9987-493E48989E6F}.Release|Any CPU.ActiveCfg = Release|Any CPU
		{E224780C-6652-4F1F-9987-493E48989E6F}.Release|Any CPU.Build.0 = Release|Any CPU
		{600090EF-5C83-4E0C-B341-F2C909FE45D7}.Debug|Any CPU.ActiveCfg = Debug|Any CPU
		{600090EF-5C83-4E0C-B341-F2C909FE45D7}.Debug|Any CPU.Build.0 = Debug|Any CPU
		{600090EF-5C83-4E0C-B341-F2C909FE45D7}.Release|Any CPU.ActiveCfg = Release|Any CPU
		{600090EF-5C83-4E0C-B341-F2C909FE45D7}.Release|Any CPU.Build.0 = Release|Any CPU
		{F2CC41FD-6B5A-487B-A2C8-F301ADD68D22}.Debug|Any CPU.ActiveCfg = Debug|Any CPU
		{F2CC41FD-6B5A-487B-A2C8-F301ADD68D22}.Debug|Any CPU.Build.0 = Debug|Any CPU
		{F2CC41FD-6B5A-487B-A2C8-F301ADD68D22}.Release|Any CPU.ActiveCfg = Release|Any CPU
		{F2CC41FD-6B5A-487B-A2C8-F301ADD68D22}.Release|Any CPU.Build.0 = Release|Any CPU
		{E224780C-6652-4F1F-9987-493E12389E6F}.Debug|Any CPU.ActiveCfg = Debug|Any CPU
		{E224780C-6652-4F1F-9987-493E12389E6F}.Debug|Any CPU.Build.0 = Debug|Any CPU
		{E224780C-6652-4F1F-9987-493E12389E6F}.Release|Any CPU.ActiveCfg = Release|Any CPU
		{E224780C-6652-4F1F-9987-493E12389E6F}.Release|Any CPU.Build.0 = Release|Any CPU
		{3C6A91DC-A865-497B-A304-3E9AA3E119CB}.Debug|Any CPU.ActiveCfg = Debug|Any CPU
		{3C6A91DC-A865-497B-A304-3E9AA3E119CB}.Debug|Any CPU.Build.0 = Debug|Any CPU
		{3C6A91DC-A865-497B-A304-3E9AA3E119CB}.Release|Any CPU.ActiveCfg = Release|Any CPU
		{3C6A91DC-A865-497B-A304-3E9AA3E119CB}.Release|Any CPU.Build.0 = Release|Any CPU
	EndGlobalSection
	GlobalSection(SolutionProperties) = preSolution
		HideSolutionNode = FALSE
	EndGlobalSection
EndGlobal
